
Microsoft Visual Studio Solution File, Format Version 12.00
# Visual Studio Version 17
VisualStudioVersion = 17.14.36908.2
MinimumVisualStudioVersion = 10.0.40219.1
Project("{2150E333-8FDC-42A3-9474-1A3956D46DE8}") = "Shared", "Shared", "{7EABF0E0-4924-40FB-9463-00157E8244A1}"
EndProject
Project("{FAE04EC0-301F-11D3-BF4B-00C04F79EFBC}") = "Shared", "Shared\Shared.csproj", "{593FFAE1-98CD-484E-9C3C-5767C9C2AE0A}"
EndProject
Project("{2150E333-8FDC-42A3-9474-1A3956D46DE8}") = "01", "01", "{02EA681E-C7D8-13C7-8484-4AC65E1B71E8}"
EndProject
Project("{FAE04EC0-301F-11D3-BF4B-00C04F79EFBC}") = "IsNumberOddOrNot", "IsNumberOddOrNot\IsNumberOddOrNot.csproj", "{B2715DE3-C0D6-4062-8768-B51673B5F443}"
EndProject
Project("{2150E333-8FDC-42A3-9474-1A3956D46DE8}") = "02", "02", "{51D4D16E-4B34-4410-ABCD-A1B4B81C15CA}"
EndProject
Project("{FAE04EC0-301F-11D3-BF4B-00C04F79EFBC}") = "TheGreathestNumber", "TheGreathestNumber\TheGreathestNumber.csproj", "{CA5A20E4-320C-47CB-96EA-5EBC5F1E843D}"
EndProject
Project("{2150E333-8FDC-42A3-9474-1A3956D46DE8}") = "03", "03", "{ACDAF275-B6AD-4AA4-8A63-4CE46F045526}"
EndProject
Project("{FAE04EC0-301F-11D3-BF4B-00C04F79EFBC}") = "SortNumbers", "SortNumbers\SortNumbers.csproj", "{5F320065-657D-4489-9554-C9E97BEE1D11}"
EndProject
Project("{2150E333-8FDC-42A3-9474-1A3956D46DE8}") = "04", "04", "{F5B6C4F6-5007-4A1D-ACFC-C284912A849F}"
EndProject
Project("{FAE04EC0-301F-11D3-BF4B-00C04F79EFBC}") = "IsMultipleOfAnother", "IsMultipleOfAnother\IsMultipleOfAnother.csproj", "{F134D137-6FC9-4B4A-8F64-F03410F277E8}"
EndProject
Project("{2150E333-8FDC-42A3-9474-1A3956D46DE8}") = "05", "05", "{619A055C-8F35-4356-A435-291E59032C5E}"
EndProject
Project("{FAE04EC0-301F-11D3-BF4B-00C04F79EFBC}") = "IsLeapYear", "IsLeapYear\IsLeapYear.csproj", "{CED8AF5C-63B8-48CF-8D14-E7B249864580}"
EndProject
Project("{2150E333-8FDC-42A3-9474-1A3956D46DE8}") = "06", "06", "{550EDA8A-B739-4F8F-A18E-BFFC169AF7F7}"
EndProject
Project("{FAE04EC0-301F-11D3-BF4B-00C04F79EFBC}") = "SimplePayroll", "SimplePayroll\SimplePayroll.csproj", "{27F68293-62FE-4925-88C7-345A7BD0DF91}"
EndProject
Project("{2150E333-8FDC-42A3-9474-1A3956D46DE8}") = "07", "07", "{DDF4F39D-7176-4A55-981B-C54CF3E008CA}"
EndProject
Project("{FAE04EC0-301F-11D3-BF4B-00C04F79EFBC}") = "Discounts", "Discounts\Discounts.csproj", "{635B2A0C-5A17-4799-A75A-3393D29CBF23}"
EndProject
Project("{2150E333-8FDC-42A3-9474-1A3956D46DE8}") = "08", "08", "{653510DA-018F-4ABD-A6E3-B5E398CCD7DF}"
EndProject
Project("{FAE04EC0-301F-11D3-BF4B-00C04F79EFBC}") = "RegistrationValue", "RegistrationValue\RegistrationValue.csproj", "{D0DB6528-4938-4611-9BB2-04F595FBB711}"
EndProject
Project("{2150E333-8FDC-42A3-9474-1A3956D46DE8}") = "09", "09", "{DB316D70-C9E2-4A83-A244-600570585E99}"
EndProject
Project("{FAE04EC0-301F-11D3-BF4B-00C04F79EFBC}") = "Shipping", "Shipping\Shipping.csproj", "{EEBD6BF5-47E6-4963-BD01-CDEE3F7231FF}"
EndProject
Project("{2150E333-8FDC-42A3-9474-1A3956D46DE8}") = "10", "10", "{ABB48DAA-C0C6-4340-B779-D97A368F95C3}"
EndProject
Project("{FAE04EC0-301F-11D3-BF4B-00C04F79EFBC}") = "SucesoStore", "SucesoStore\SucesoStore.csproj", "{EFE19F2E-4F8D-4B89-AA81-19D22A9AD77F}"
EndProject
Project("{2150E333-8FDC-42A3-9474-1A3956D46DE8}") = "11", "11", "{410ECEFB-AB86-4BA6-B71A-D4E226EDBAE7}"
EndProject
Project("{FAE04EC0-301F-11D3-BF4B-00C04F79EFBC}") = "TransportationCompany", "TransportationCompany\TransportationCompany.csproj", "{CEE398E3-620D-4DE0-A9CB-3F11F1DB7C2E}"
EndProject
Project("{2150E333-8FDC-42A3-9474-1A3956D46DE8}") = "12", "12", "{F0CEEC8C-9F13-48BE-B210-981891794F7F}"
EndProject
Project("{FAE04EC0-301F-11D3-BF4B-00C04F79EFBC}") = "SumAndAverage", "SumAndAverage\SumAndAverage.csproj", "{6007B34E-999F-430E-AA82-5129244E34B3}"
EndProject
Project("{2150E333-8FDC-42A3-9474-1A3956D46DE8}") = "13", "13", "{79A9A4D4-D8A0-4620-B4C8-4D19D21BC41B}"
EndProject
Project("{FAE04EC0-301F-11D3-BF4B-00C04F79EFBC}") = "Factorial", "Factorial\Factorial.csproj", "{2C59FC64-CACE-4A8E-ADCA-5ECC1DAF914F}"
EndProject
Project("{2150E333-8FDC-42A3-9474-1A3956D46DE8}") = "14", "14", "{CFD99DE8-4721-4B50-B046-65EA55FCB094}"
EndProject
Project("{FAE04EC0-301F-11D3-BF4B-00C04F79EFBC}") = "Taylor", "Taylor\Taylor.csproj", "{612BE840-FC20-4FD0-B5FD-F3296BB9B239}"
EndProject
Project("{2150E333-8FDC-42A3-9474-1A3956D46DE8}") = "15", "15", "{ED3A7E82-0B14-4809-B779-295D1CA8230B}"
EndProject
Project("{FAE04EC0-301F-11D3-BF4B-00C04F79EFBC}") = "TaylorModified", "TaylorModified\TaylorModified.csproj", "{BA68042C-3CA7-4AF6-B343-6F7B4836B399}"
EndProject
Project("{2150E333-8FDC-42A3-9474-1A3956D46DE8}") = "16", "16", "{9C9EE1F5-F2CA-4811-9A44-0194B9BA4213}"
EndProject
Project("{FAE04EC0-301F-11D3-BF4B-00C04F79EFBC}") = "QuadraticEcuations", "QuadraticEcuations\QuadraticEcuations.csproj", "{83381583-F5D4-4AA1-BB45-73F329F9EB07}"
EndProject
Project("{2150E333-8FDC-42A3-9474-1A3956D46DE8}") = "17", "17", "{82001D8C-396C-4030-96D2-EAFA8E5B48D6}"
EndProject
Project("{FAE04EC0-301F-11D3-BF4B-00C04F79EFBC}") = "Fibonacci", "Fibonacci\Fibonacci.csproj", "{340509D8-6251-4729-8F10-488650CCDED6}"
EndProject
Global
	GlobalSection(SolutionConfigurationPlatforms) = preSolution
		Debug|Any CPU = Debug|Any CPU
		Release|Any CPU = Release|Any CPU
	EndGlobalSection
	GlobalSection(ProjectConfigurationPlatforms) = postSolution
		{593FFAE1-98CD-484E-9C3C-5767C9C2AE0A}.Debug|Any CPU.ActiveCfg = Debug|Any CPU
		{593FFAE1-98CD-484E-9C3C-5767C9C2AE0A}.Debug|Any CPU.Build.0 = Debug|Any CPU
		{593FFAE1-98CD-484E-9C3C-5767C9C2AE0A}.Release|Any CPU.ActiveCfg = Release|Any CPU
		{593FFAE1-98CD-484E-9C3C-5767C9C2AE0A}.Release|Any CPU.Build.0 = Release|Any CPU
		{B2715DE3-C0D6-4062-8768-B51673B5F443}.Debug|Any CPU.ActiveCfg = Debug|Any CPU
		{B2715DE3-C0D6-4062-8768-B51673B5F443}.Debug|Any CPU.Build.0 = Debug|Any CPU
		{B2715DE3-C0D6-4062-8768-B51673B5F443}.Release|Any CPU.ActiveCfg = Release|Any CPU
		{B2715DE3-C0D6-4062-8768-B51673B5F443}.Release|Any CPU.Build.0 = Release|Any CPU
		{CA5A20E4-320C-47CB-96EA-5EBC5F1E843D}.Debug|Any CPU.ActiveCfg = Debug|Any CPU
		{CA5A20E4-320C-47CB-96EA-5EBC5F1E843D}.Debug|Any CPU.Build.0 = Debug|Any CPU
		{CA5A20E4-320C-47CB-96EA-5EBC5F1E843D}.Release|Any CPU.ActiveCfg = Release|Any CPU
		{CA5A20E4-320C-47CB-96EA-5EBC5F1E843D}.Release|Any CPU.Build.0 = Release|Any CPU
		{5F320065-657D-4489-9554-C9E97BEE1D11}.Debug|Any CPU.ActiveCfg = Debug|Any CPU
		{5F320065-657D-4489-9554-C9E97BEE1D11}.Debug|Any CPU.Build.0 = Debug|Any CPU
		{5F320065-657D-4489-9554-C9E97BEE1D11}.Release|Any CPU.ActiveCfg = Release|Any CPU
		{5F320065-657D-4489-9554-C9E97BEE1D11}.Release|Any CPU.Build.0 = Release|Any CPU
		{F134D137-6FC9-4B4A-8F64-F03410F277E8}.Debug|Any CPU.ActiveCfg = Debug|Any CPU
		{F134D137-6FC9-4B4A-8F64-F03410F277E8}.Debug|Any CPU.Build.0 = Debug|Any CPU
		{F134D137-6FC9-4B4A-8F64-F03410F277E8}.Release|Any CPU.ActiveCfg = Release|Any CPU
		{F134D137-6FC9-4B4A-8F64-F03410F277E8}.Release|Any CPU.Build.0 = Release|Any CPU
		{CED8AF5C-63B8-48CF-8D14-E7B249864580}.Debug|Any CPU.ActiveCfg = Debug|Any CPU
		{CED8AF5C-63B8-48CF-8D14-E7B249864580}.Debug|Any CPU.Build.0 = Debug|Any CPU
		{CED8AF5C-63B8-48CF-8D14-E7B249864580}.Release|Any CPU.ActiveCfg = Release|Any CPU
		{CED8AF5C-63B8-48CF-8D14-E7B249864580}.Release|Any CPU.Build.0 = Release|Any CPU
		{27F68293-62FE-4925-88C7-345A7BD0DF91}.Debug|Any CPU.ActiveCfg = Debug|Any CPU
		{27F68293-62FE-4925-88C7-345A7BD0DF91}.Debug|Any CPU.Build.0 = Debug|Any CPU
		{27F68293-62FE-4925-88C7-345A7BD0DF91}.Release|Any CPU.ActiveCfg = Release|Any CPU
		{27F68293-62FE-4925-88C7-345A7BD0DF91}.Release|Any CPU.Build.0 = Release|Any CPU
		{635B2A0C-5A17-4799-A75A-3393D29CBF23}.Debug|Any CPU.ActiveCfg = Debug|Any CPU
		{635B2A0C-5A17-4799-A75A-3393D29CBF23}.Debug|Any CPU.Build.0 = Debug|Any CPU
		{635B2A0C-5A17-4799-A75A-3393D29CBF23}.Release|Any CPU.ActiveCfg = Release|Any CPU
		{635B2A0C-5A17-4799-A75A-3393D29CBF23}.Release|Any CPU.Build.0 = Release|Any CPU
		{D0DB6528-4938-4611-9BB2-04F595FBB711}.Debug|Any CPU.ActiveCfg = Debug|Any CPU
		{D0DB6528-4938-4611-9BB2-04F595FBB711}.Debug|Any CPU.Build.0 = Debug|Any CPU
		{D0DB6528-4938-4611-9BB2-04F595FBB711}.Release|Any CPU.ActiveCfg = Release|Any CPU
		{D0DB6528-4938-4611-9BB2-04F595FBB711}.Release|Any CPU.Build.0 = Release|Any CPU
		{EEBD6BF5-47E6-4963-BD01-CDEE3F7231FF}.Debug|Any CPU.ActiveCfg = Debug|Any CPU
		{EEBD6BF5-47E6-4963-BD01-CDEE3F7231FF}.Debug|Any CPU.Build.0 = Debug|Any CPU
		{EEBD6BF5-47E6-4963-BD01-CDEE3F7231FF}.Release|Any CPU.ActiveCfg = Release|Any CPU
		{EEBD6BF5-47E6-4963-BD01-CDEE3F7231FF}.Release|Any CPU.Build.0 = Release|Any CPU
		{EFE19F2E-4F8D-4B89-AA81-19D22A9AD77F}.Debug|Any CPU.ActiveCfg = Debug|Any CPU
		{EFE19F2E-4F8D-4B89-AA81-19D22A9AD77F}.Debug|Any CPU.Build.0 = Debug|Any CPU
		{EFE19F2E-4F8D-4B89-AA81-19D22A9AD77F}.Release|Any CPU.ActiveCfg = Release|Any CPU
		{EFE19F2E-4F8D-4B89-AA81-19D22A9AD77F}.Release|Any CPU.Build.0 = Release|Any CPU
		{CEE398E3-620D-4DE0-A9CB-3F11F1DB7C2E}.Debug|Any CPU.ActiveCfg = Debug|Any CPU
		{CEE398E3-620D-4DE0-A9CB-3F11F1DB7C2E}.Debug|Any CPU.Build.0 = Debug|Any CPU
		{CEE398E3-620D-4DE0-A9CB-3F11F1DB7C2E}.Release|Any CPU.ActiveCfg = Release|Any CPU
		{CEE398E3-620D-4DE0-A9CB-3F11F1DB7C2E}.Release|Any CPU.Build.0 = Release|Any CPU
		{6007B34E-999F-430E-AA82-5129244E34B3}.Debug|Any CPU.ActiveCfg = Debug|Any CPU
		{6007B34E-999F-430E-AA82-5129244E34B3}.Debug|Any CPU.Build.0 = Debug|Any CPU
		{6007B34E-999F-430E-AA82-5129244E34B3}.Release|Any CPU.ActiveCfg = Release|Any CPU
		{6007B34E-999F-430E-AA82-5129244E34B3}.Release|Any CPU.Build.0 = Release|Any CPU
		{2C59FC64-CACE-4A8E-ADCA-5ECC1DAF914F}.Debug|Any CPU.ActiveCfg = Debug|Any CPU
		{2C59FC64-CACE-4A8E-ADCA-5ECC1DAF914F}.Debug|Any CPU.Build.0 = Debug|Any CPU
		{2C59FC64-CACE-4A8E-ADCA-5ECC1DAF914F}.Release|Any CPU.ActiveCfg = Release|Any CPU
		{2C59FC64-CACE-4A8E-ADCA-5ECC1DAF914F}.Release|Any CPU.Build.0 = Release|Any CPU
		{612BE840-FC20-4FD0-B5FD-F3296BB9B239}.Debug|Any CPU.ActiveCfg = Debug|Any CPU
		{612BE840-FC20-4FD0-B5FD-F3296BB9B239}.Debug|Any CPU.Build.0 = Debug|Any CPU
		{612BE840-FC20-4FD0-B5FD-F3296BB9B239}.Release|Any CPU.ActiveCfg = Release|Any CPU
		{612BE840-FC20-4FD0-B5FD-F3296BB9B239}.Release|Any CPU.Build.0 = Release|Any CPU
		{BA68042C-3CA7-4AF6-B343-6F7B4836B399}.Debug|Any CPU.ActiveCfg = Debug|Any CPU
		{BA68042C-3CA7-4AF6-B343-6F7B4836B399}.Debug|Any CPU.Build.0 = Debug|Any CPU
		{BA68042C-3CA7-4AF6-B343-6F7B4836B399}.Release|Any CPU.ActiveCfg = Release|Any CPU
		{BA68042C-3CA7-4AF6-B343-6F7B4836B399}.Release|Any CPU.Build.0 = Release|Any CPU
		{83381583-F5D4-4AA1-BB45-73F329F9EB07}.Debug|Any CPU.ActiveCfg = Debug|Any CPU
		{83381583-F5D4-4AA1-BB45-73F329F9EB07}.Debug|Any CPU.Build.0 = Debug|Any CPU
		{83381583-F5D4-4AA1-BB45-73F329F9EB07}.Release|Any CPU.ActiveCfg = Release|Any CPU
		{83381583-F5D4-4AA1-BB45-73F329F9EB07}.Release|Any CPU.Build.0 = Release|Any CPU
		{340509D8-6251-4729-8F10-488650CCDED6}.Debug|Any CPU.ActiveCfg = Debug|Any CPU
		{340509D8-6251-4729-8F10-488650CCDED6}.Debug|Any CPU.Build.0 = Debug|Any CPU
		{340509D8-6251-4729-8F10-488650CCDED6}.Release|Any CPU.ActiveCfg = Release|Any CPU
		{340509D8-6251-4729-8F10-488650CCDED6}.Release|Any CPU.Build.0 = Release|Any CPU
	EndGlobalSection
	GlobalSection(SolutionProperties) = preSolution
		HideSolutionNode = FALSE
	EndGlobalSection
	GlobalSection(NestedProjects) = preSolution
		{593FFAE1-98CD-484E-9C3C-5767C9C2AE0A} = {7EABF0E0-4924-40FB-9463-00157E8244A1}
		{B2715DE3-C0D6-4062-8768-B51673B5F443} = {02EA681E-C7D8-13C7-8484-4AC65E1B71E8}
		{CA5A20E4-320C-47CB-96EA-5EBC5F1E843D} = {51D4D16E-4B34-4410-ABCD-A1B4B81C15CA}
		{5F320065-657D-4489-9554-C9E97BEE1D11} = {ACDAF275-B6AD-4AA4-8A63-4CE46F045526}
		{F5B6C4F6-5007-4A1D-ACFC-C284912A849F} = {619A055C-8F35-4356-A435-291E59032C5E}
		{F134D137-6FC9-4B4A-8F64-F03410F277E8} = {F5B6C4F6-5007-4A1D-ACFC-C284912A849F}
		{CED8AF5C-63B8-48CF-8D14-E7B249864580} = {619A055C-8F35-4356-A435-291E59032C5E}
		{27F68293-62FE-4925-88C7-345A7BD0DF91} = {550EDA8A-B739-4F8F-A18E-BFFC169AF7F7}
		{635B2A0C-5A17-4799-A75A-3393D29CBF23} = {DDF4F39D-7176-4A55-981B-C54CF3E008CA}
		{D0DB6528-4938-4611-9BB2-04F595FBB711} = {653510DA-018F-4ABD-A6E3-B5E398CCD7DF}
		{EEBD6BF5-47E6-4963-BD01-CDEE3F7231FF} = {DB316D70-C9E2-4A83-A244-600570585E99}
		{EFE19F2E-4F8D-4B89-AA81-19D22A9AD77F} = {ABB48DAA-C0C6-4340-B779-D97A368F95C3}
		{CEE398E3-620D-4DE0-A9CB-3F11F1DB7C2E} = {410ECEFB-AB86-4BA6-B71A-D4E226EDBAE7}
		{6007B34E-999F-430E-AA82-5129244E34B3} = {F0CEEC8C-9F13-48BE-B210-981891794F7F}
		{2C59FC64-CACE-4A8E-ADCA-5ECC1DAF914F} = {79A9A4D4-D8A0-4620-B4C8-4D19D21BC41B}
		{612BE840-FC20-4FD0-B5FD-F3296BB9B239} = {CFD99DE8-4721-4B50-B046-65EA55FCB094}
		{BA68042C-3CA7-4AF6-B343-6F7B4836B399} = {ED3A7E82-0B14-4809-B779-295D1CA8230B}
		{83381583-F5D4-4AA1-BB45-73F329F9EB07} = {9C9EE1F5-F2CA-4811-9A44-0194B9BA4213}
		{340509D8-6251-4729-8F10-488650CCDED6} = {82001D8C-396C-4030-96D2-EAFA8E5B48D6}
	EndGlobalSection
	GlobalSection(ExtensibilityGlobals) = postSolution
		SolutionGuid = {5053EE1A-4015-4FBD-91BB-0EE1738DA305}
	EndGlobalSection
EndGlobal
